
Microsoft Visual Studio Solution File, Format Version 12.00
# Visual Studio Version 17
VisualStudioVersion = 17.6.33723.286
MinimumVisualStudioVersion = 10.0.40219.1
Project("{9A19103F-16F7-4668-BE54-9A1E7A4F7556}") = "ITDailyCheck", "ITDailyCheck.csproj", "{34B48CAA-888B-43DF-982C-37D2440127C3}"
EndProject
Global
	GlobalSection(SolutionConfigurationPlatforms) = preSolution
		Debug|Any CPU = Debug|Any CPU
		Release|Any CPU = Release|Any CPU
	EndGlobalSection
	GlobalSection(ProjectConfigurationPlatforms) = postSolution
		{34B48CAA-888B-43DF-982C-37D2440127C3}.Debug|Any CPU.ActiveCfg = Debug|Any CPU
		{34B48CAA-888B-43DF-982C-37D2440127C3}.Debug|Any CPU.Build.0 = Debug|Any CPU
		{34B48CAA-888B-43DF-982C-37D2440127C3}.Release|Any CPU.ActiveCfg = Release|Any CPU
		{34B48CAA-888B-43DF-982C-37D2440127C3}.Release|Any CPU.Build.0 = Release|Any CPU
	EndGlobalSection
	GlobalSection(SolutionProperties) = preSolution
		HideSolutionNode = FALSE
	EndGlobalSection
	GlobalSection(ExtensibilityGlobals) = postSolution
		SolutionGuid = {6AA863AD-EF98-4B89-9706-01634EDD5EC0}
	EndGlobalSection
EndGlobal
