
Microsoft Visual Studio Solution File, Format Version 12.00
# Visual Studio Version 17
VisualStudioVersion = 17.6.33723.286
MinimumVisualStudioVersion = 10.0.40219.1
Project("{9A19103F-16F7-4668-BE54-9A1E7A4F7556}") = "ITDailyCheck", "IT Daily Check\ITDailyCheck.csproj", "{D1DC1A7A-CF9C-432E-9DB0-F25E5F4F29B6}"
EndProject
Global
	GlobalSection(SolutionConfigurationPlatforms) = preSolution
		Debug|Any CPU = Debug|Any CPU
		Release|Any CPU = Release|Any CPU
	EndGlobalSection
	GlobalSection(ProjectConfigurationPlatforms) = postSolution
		{D1DC1A7A-CF9C-432E-9DB0-F25E5F4F29B6}.Debug|Any CPU.ActiveCfg = Debug|Any CPU
		{D1DC1A7A-CF9C-432E-9DB0-F25E5F4F29B6}.Debug|Any CPU.Build.0 = Debug|Any CPU
		{D1DC1A7A-CF9C-432E-9DB0-F25E5F4F29B6}.Release|Any CPU.ActiveCfg = Release|Any CPU
		{D1DC1A7A-CF9C-432E-9DB0-F25E5F4F29B6}.Release|Any CPU.Build.0 = Release|Any CPU
	EndGlobalSection
	GlobalSection(SolutionProperties) = preSolution
		HideSolutionNode = FALSE
	EndGlobalSection
	GlobalSection(ExtensibilityGlobals) = postSolution
		SolutionGuid = {3F982D4C-D7F3-4130-B5B8-4119B097B876}
	EndGlobalSection
EndGlobal
